
Microsoft Visual Studio Solution File, Format Version 12.00
# Visual Studio Version 17
VisualStudioVersion = 17.4.33403.182
MinimumVisualStudioVersion = 10.0.40219.1
Project("{FAE04EC0-301F-11D3-BF4B-00C04F79EFBC}") = "TextCopy", "TextCopy.csproj", "{15B07CE0-E0F7-4359-B8FE-211761B60003}"
EndProject
Global
	GlobalSection(SolutionConfigurationPlatforms) = preSolution
		Debug|Any CPU = Debug|Any CPU
		Release|Any CPU = Release|Any CPU
	EndGlobalSection
	GlobalSection(ProjectConfigurationPlatforms) = postSolution
		{15B07CE0-E0F7-4359-B8FE-211761B60003}.Debug|Any CPU.ActiveCfg = Debug|Any CPU
		{15B07CE0-E0F7-4359-B8FE-211761B60003}.Debug|Any CPU.Build.0 = Debug|Any CPU
		{15B07CE0-E0F7-4359-B8FE-211761B60003}.Release|Any CPU.ActiveCfg = Release|Any CPU
		{15B07CE0-E0F7-4359-B8FE-211761B60003}.Release|Any CPU.Build.0 = Release|Any CPU
	EndGlobalSection
	GlobalSection(SolutionProperties) = preSolution
		HideSolutionNode = FALSE
	EndGlobalSection
	GlobalSection(ExtensibilityGlobals) = postSolution
		SolutionGuid = {D4EFD184-0811-4431-BF23-13BDC6FB54A1}
	EndGlobalSection
EndGlobal
